// !$*UTF8*$!
{
	archiveVersion = 1;
	classes = {
	};
	objectVersion = 48;
	objects = {

/* Begin PBXBuildFile section */
		2EED953320379473009C32E4 /* PIDInterface.c in Sources */ = {isa = PBXBuildFile; fileRef = 2EED953220379473009C32E4 /* PIDInterface.c */; };
		2EFA08702033E4CF001A5FFE /* main.c in Sources */ = {isa = PBXBuildFile; fileRef = 2EFA086F2033E4CF001A5FFE /* main.c */; };
		2EFA087B2033EE8A001A5FFE /* PIDManager.c in Sources */ = {isa = PBXBuildFile; fileRef = 2EFA087A2033EE8A001A5FFE /* PIDManager.c */; };
/* End PBXBuildFile section */

/* Begin PBXCopyFilesBuildPhase section */
		2EFA086A2033E4CF001A5FFE /* CopyFiles */ = {
			isa = PBXCopyFilesBuildPhase;
			buildActionMask = 2147483647;
			dstPath = /usr/share/man/man1/;
			dstSubfolderSpec = 0;
			files = (
			);
			runOnlyForDeploymentPostprocessing = 1;
		};
/* End PBXCopyFilesBuildPhase section */

/* Begin PBXFileReference section */
		2EED953120379473009C32E4 /* PIDInterface.h */ = {isa = PBXFileReference; lastKnownFileType = sourcecode.c.h; path = PIDInterface.h; sourceTree = "<group>"; };
		2EED953220379473009C32E4 /* PIDInterface.c */ = {isa = PBXFileReference; lastKnownFileType = sourcecode.c.c; path = PIDInterface.c; sourceTree = "<group>"; };
		2EFA086C2033E4CF001A5FFE /* 320 */ = {isa = PBXFileReference; explicitFileType = "compiled.mach-o.executable"; includeInIndex = 0; path = 320; sourceTree = BUILT_PRODUCTS_DIR; };
		2EFA086F2033E4CF001A5FFE /* main.c */ = {isa = PBXFileReference; lastKnownFileType = sourcecode.c.c; path = main.c; sourceTree = "<group>"; };
		2EFA08792033EE8A001A5FFE /* PIDManager.h */ = {isa = PBXFileReference; lastKnownFileType = sourcecode.c.h; path = PIDManager.h; sourceTree = "<group>"; };
		2EFA087A2033EE8A001A5FFE /* PIDManager.c */ = {isa = PBXFileReference; lastKnownFileType = sourcecode.c.c; path = PIDManager.c; sourceTree = "<group>"; };
/* End PBXFileReference section */

/* Begin PBXFrameworksBuildPhase section */
		2EFA08692033E4CF001A5FFE /* Frameworks */ = {
			isa = PBXFrameworksBuildPhase;
			buildActionMask = 2147483647;
			files = (
			);
			runOnlyForDeploymentPostprocessing = 0;
		};
/* End PBXFrameworksBuildPhase section */

/* Begin PBXGroup section */
		2EFA08632033E4CF001A5FFE = {
			isa = PBXGroup;
			children = (
				2EFA086E2033E4CF001A5FFE /* 320 */,
				2EFA086D2033E4CF001A5FFE /* Products */,
			);
			sourceTree = "<group>";
		};
		2EFA086D2033E4CF001A5FFE /* Products */ = {
			isa = PBXGroup;
			children = (
				2EFA086C2033E4CF001A5FFE /* 320 */,
			);
			name = Products;
			sourceTree = "<group>";
		};
		2EFA086E2033E4CF001A5FFE /* 320 */ = {
			isa = PBXGroup;
			children = (
				2EFA08792033EE8A001A5FFE /* PIDManager.h */,
				2EFA087A2033EE8A001A5FFE /* PIDManager.c */,
				2EED953120379473009C32E4 /* PIDInterface.h */,
				2EED953220379473009C32E4 /* PIDInterface.c */,
				2EFA086F2033E4CF001A5FFE /* main.c */,
			);
			path = 320;
			sourceTree = "<group>";
		};
/* End PBXGroup section */

/* Begin PBXNativeTarget section */
		2EFA086B2033E4CF001A5FFE /* 320 */ = {
			isa = PBXNativeTarget;
			buildConfigurationList = 2EFA08732033E4CF001A5FFE /* Build configuration list for PBXNativeTarget "320" */;
			buildPhases = (
				2EFA08682033E4CF001A5FFE /* Sources */,
				2EFA08692033E4CF001A5FFE /* Frameworks */,
				2EFA086A2033E4CF001A5FFE /* CopyFiles */,
			);
			buildRules = (
			);
			dependencies = (
			);
			name = 320;
			productName = 320;
			productReference = 2EFA086C2033E4CF001A5FFE /* 320 */;
			productType = "com.apple.product-type.tool";
		};
/* End PBXNativeTarget section */

/* Begin PBXProject section */
		2EFA08642033E4CF001A5FFE /* Project object */ = {
			isa = PBXProject;
			attributes = {
				LastUpgradeCheck = 0920;
				ORGANIZATIONNAME = "Greyson Wright";
				TargetAttributes = {
					2EFA086B2033E4CF001A5FFE = {
						CreatedOnToolsVersion = 9.2;
						ProvisioningStyle = Automatic;
					};
				};
			};
			buildConfigurationList = 2EFA08672033E4CF001A5FFE /* Build configuration list for PBXProject "320" */;
			compatibilityVersion = "Xcode 8.0";
			developmentRegion = en;
			hasScannedForEncodings = 0;
			knownRegions = (
				en,
			);
			mainGroup = 2EFA08632033E4CF001A5FFE;
			productRefGroup = 2EFA086D2033E4CF001A5FFE /* Products */;
			projectDirPath = "";
			projectRoot = "";
			targets = (
				2EFA086B2033E4CF001A5FFE /* 320 */,
			);
		};
/* End PBXProject section */

/* Begin PBXSourcesBuildPhase section */
		2EFA08682033E4CF001A5FFE /* Sources */ = {
			isa = PBXSourcesBuildPhase;
			buildActionMask = 2147483647;
			files = (
				2EFA08702033E4CF001A5FFE /* main.c in Sources */,
				2EED953320379473009C32E4 /* PIDInterface.c in Sources */,
				2EFA087B2033EE8A001A5FFE /* PIDManager.c in Sources */,
			);
			runOnlyForDeploymentPostprocessing = 0;
		};
/* End PBXSourcesBuildPhase section */

/* Begin XCBuildConfiguration section */
		2EFA08712033E4CF001A5FFE /* Debug */ = {
			isa = XCBuildConfiguration;
			buildSettings = {
				ALWAYS_SEARCH_USER_PATHS = NO;
				CLANG_ANALYZER_NONNULL = YES;
				CLANG_ANALYZER_NUMBER_OBJECT_CONVERSION = YES_AGGRESSIVE;
				CLANG_CXX_LANGUAGE_STANDARD = "gnu++14";
				CLANG_CXX_LIBRARY = "libc++";
				CLANG_ENABLE_MODULES = YES;
				CLANG_ENABLE_OBJC_ARC = YES;
				CLANG_WARN_BLOCK_CAPTURE_AUTORELEASING = YES;
				CLANG_WARN_BOOL_CONVERSION = YES;
				CLANG_WARN_COMMA = YES;
				CLANG_WARN_CONSTANT_CONVERSION = YES;
				CLANG_WARN_DIRECT_OBJC_ISA_USAGE = YES_ERROR;
				CLANG_WARN_DOCUMENTATION_COMMENTS = YES;
				CLANG_WARN_EMPTY_BODY = YES;
				CLANG_WARN_ENUM_CONVERSION = YES;
				CLANG_WARN_INFINITE_RECURSION = YES;
				CLANG_WARN_INT_CONVERSION = YES;
				CLANG_WARN_NON_LITERAL_NULL_CONVERSION = YES;
				CLANG_WARN_OBJC_LITERAL_CONVERSION = YES;
				CLANG_WARN_OBJC_ROOT_CLASS = YES_ERROR;
				CLANG_WARN_RANGE_LOOP_ANALYSIS = YES;
				CLANG_WARN_STRICT_PROTOTYPES = YES;
				CLANG_WARN_SUSPICIOUS_MOVE = YES;
				CLANG_WARN_UNGUARDED_AVAILABILITY = YES_AGGRESSIVE;
				CLANG_WARN_UNREACHABLE_CODE = YES;
				CLANG_WARN__DUPLICATE_METHOD_MATCH = YES;
				CODE_SIGN_IDENTITY = "Mac Developer";
				COPY_PHASE_STRIP = NO;
				DEBUG_INFORMATION_FORMAT = dwarf;
				ENABLE_STRICT_OBJC_MSGSEND = YES;
				ENABLE_TESTABILITY = YES;
				GCC_C_LANGUAGE_STANDARD = gnu11;
				GCC_DYNAMIC_NO_PIC = NO;
				GCC_NO_COMMON_BLOCKS = YES;
				GCC_OPTIMIZATION_LEVEL = 0;
				GCC_PREPROCESSOR_DEFINITIONS = (
					"DEBUG=1",
					"$(inherited)",
				);
				GCC_WARN_64_TO_32_BIT_CONVERSION = YES;
				GCC_WARN_ABOUT_RETURN_TYPE = YES_ERROR;
				GCC_WARN_UNDECLARED_SELECTOR = YES;
				GCC_WARN_UNINITIALIZED_AUTOS = YES_AGGRESSIVE;
				GCC_WARN_UNUSED_FUNCTION = YES;
				GCC_WARN_UNUSED_VARIABLE = YES;
				MACOSX_DEPLOYMENT_TARGET = 10.13;
				MTL_ENABLE_DEBUG_INFO = YES;
				ONLY_ACTIVE_ARCH = YES;
				SDKROOT = macosx;
			};
			name = Debug;
		};
		2EFA08722033E4CF001A5FFE /* Release */ = {
			isa = XCBuildConfiguration;
			buildSettings = {
				ALWAYS_SEARCH_USER_PATHS = NO;
				CLANG_ANALYZER_NONNULL = YES;
				CLANG_ANALYZER_NUMBER_OBJECT_CONVERSION = YES_AGGRESSIVE;
				CLANG_CXX_LANGUAGE_STANDARD = "gnu++14";
				CLANG_CXX_LIBRARY = "libc++";
				CLANG_ENABLE_MODULES = YES;
				CLANG_ENABLE_OBJC_ARC = YES;
				CLANG_WARN_BLOCK_CAPTURE_AUTORELEASING = YES;
				CLANG_WARN_BOOL_CONVERSION = YES;
				CLANG_WARN_COMMA = YES;
				CLANG_WARN_CONSTANT_CONVERSION = YES;
				CLANG_WARN_DIRECT_OBJC_ISA_USAGE = YES_ERROR;
				CLANG_WARN_DOCUMENTATION_COMMENTS = YES;
				CLANG_WARN_EMPTY_BODY = YES;
				CLANG_WARN_ENUM_CONVERSION = YES;
				CLANG_WARN_INFINITE_RECURSION = YES;
				CLANG_WARN_INT_CONVERSION = YES;
				CLANG_WARN_NON_LITERAL_NULL_CONVERSION = YES;
				CLANG_WARN_OBJC_LITERAL_CONVERSION = YES;
				CLANG_WARN_OBJC_ROOT_CLASS = YES_ERROR;
				CLANG_WARN_RANGE_LOOP_ANALYSIS = YES;
				CLANG_WARN_STRICT_PROTOTYPES = YES;
				CLANG_WARN_SUSPICIOUS_MOVE = YES;
				CLANG_WARN_UNGUARDED_AVAILABILITY = YES_AGGRESSIVE;
				CLANG_WARN_UNREACHABLE_CODE = YES;
				CLANG_WARN__DUPLICATE_METHOD_MATCH = YES;
				CODE_SIGN_IDENTITY = "Mac Developer";
				COPY_PHASE_STRIP = NO;
				DEBUG_INFORMATION_FORMAT = "dwarf-with-dsym";
				ENABLE_NS_ASSERTIONS = NO;
				ENABLE_STRICT_OBJC_MSGSEND = YES;
				GCC_C_LANGUAGE_STANDARD = gnu11;
				GCC_NO_COMMON_BLOCKS = YES;
				GCC_WARN_64_TO_32_BIT_CONVERSION = YES;
				GCC_WARN_ABOUT_RETURN_TYPE = YES_ERROR;
				GCC_WARN_UNDECLARED_SELECTOR = YES;
				GCC_WARN_UNINITIALIZED_AUTOS = YES_AGGRESSIVE;
				GCC_WARN_UNUSED_FUNCTION = YES;
				GCC_WARN_UNUSED_VARIABLE = YES;
				MACOSX_DEPLOYMENT_TARGET = 10.13;
				MTL_ENABLE_DEBUG_INFO = NO;
				SDKROOT = macosx;
			};
			name = Release;
		};
		2EFA08742033E4CF001A5FFE /* Debug */ = {
			isa = XCBuildConfiguration;
			buildSettings = {
				CODE_SIGN_STYLE = Automatic;
				DEVELOPMENT_TEAM = 2SP6H22NCZ;
				PRODUCT_NAME = "$(TARGET_NAME)";
			};
			name = Debug;
		};
		2EFA08752033E4CF001A5FFE /* Release */ = {
			isa = XCBuildConfiguration;
			buildSettings = {
				CODE_SIGN_STYLE = Automatic;
				DEVELOPMENT_TEAM = 2SP6H22NCZ;
				PRODUCT_NAME = "$(TARGET_NAME)";
			};
			name = Release;
		};
/* End XCBuildConfiguration section */

/* Begin XCConfigurationList section */
		2EFA08672033E4CF001A5FFE /* Build configuration list for PBXProject "320" */ = {
			isa = XCConfigurationList;
			buildConfigurations = (
				2EFA08712033E4CF001A5FFE /* Debug */,
				2EFA08722033E4CF001A5FFE /* Release */,
			);
			defaultConfigurationIsVisible = 0;
			defaultConfigurationName = Release;
		};
		2EFA08732033E4CF001A5FFE /* Build configuration list for PBXNativeTarget "320" */ = {
			isa = XCConfigurationList;
			buildConfigurations = (
				2EFA08742033E4CF001A5FFE /* Debug */,
				2EFA08752033E4CF001A5FFE /* Release */,
			);
			defaultConfigurationIsVisible = 0;
			defaultConfigurationName = Release;
		};
/* End XCConfigurationList section */
	};
	rootObject = 2EFA08642033E4CF001A5FFE /* Project object */;
}
